
Microsoft Visual Studio Solution File, Format Version 12.00
# Visual Studio Version 17
VisualStudioVersion = 17.10.35004.147
MinimumVisualStudioVersion = 10.0.40219.1
Project("{9A19103F-16F7-4668-BE54-9A1E7A4F7556}") = "WebAPI", "WebAPI\WebAPI.csproj", "{814B42D2-9958-444B-BA9A-5134BDD6180E}"
EndProject
Project("{9A19103F-16F7-4668-BE54-9A1E7A4F7556}") = "DAL", "DAL\DAL.csproj", "{7AA899A1-D64C-471F-9C4A-EAEC4F319EFC}"
EndProject
Project("{9A19103F-16F7-4668-BE54-9A1E7A4F7556}") = "Administrator", "Administrator\Administrator.csproj", "{A7601EAA-C65E-4682-9416-BE2073B5F8D9}"
EndProject
Global
	GlobalSection(SolutionConfigurationPlatforms) = preSolution
		Debug|Any CPU = Debug|Any CPU
		Release|Any CPU = Release|Any CPU
	EndGlobalSection
	GlobalSection(ProjectConfigurationPlatforms) = postSolution
		{814B42D2-9958-444B-BA9A-5134BDD6180E}.Debug|Any CPU.ActiveCfg = Debug|Any CPU
		{814B42D2-9958-444B-BA9A-5134BDD6180E}.Debug|Any CPU.Build.0 = Debug|Any CPU
		{814B42D2-9958-444B-BA9A-5134BDD6180E}.Release|Any CPU.ActiveCfg = Release|Any CPU
		{814B42D2-9958-444B-BA9A-5134BDD6180E}.Release|Any CPU.Build.0 = Release|Any CPU
		{7AA899A1-D64C-471F-9C4A-EAEC4F319EFC}.Debug|Any CPU.ActiveCfg = Debug|Any CPU
		{7AA899A1-D64C-471F-9C4A-EAEC4F319EFC}.Debug|Any CPU.Build.0 = Debug|Any CPU
		{7AA899A1-D64C-471F-9C4A-EAEC4F319EFC}.Release|Any CPU.ActiveCfg = Release|Any CPU
		{7AA899A1-D64C-471F-9C4A-EAEC4F319EFC}.Release|Any CPU.Build.0 = Release|Any CPU
		{A7601EAA-C65E-4682-9416-BE2073B5F8D9}.Debug|Any CPU.ActiveCfg = Debug|Any CPU
		{A7601EAA-C65E-4682-9416-BE2073B5F8D9}.Debug|Any CPU.Build.0 = Debug|Any CPU
		{A7601EAA-C65E-4682-9416-BE2073B5F8D9}.Release|Any CPU.ActiveCfg = Release|Any CPU
		{A7601EAA-C65E-4682-9416-BE2073B5F8D9}.Release|Any CPU.Build.0 = Release|Any CPU
	EndGlobalSection
	GlobalSection(SolutionProperties) = preSolution
		HideSolutionNode = FALSE
	EndGlobalSection
	GlobalSection(ExtensibilityGlobals) = postSolution
		SolutionGuid = {EF05B80F-9234-4E34-87F7-A820E81D7DC0}
	EndGlobalSection
EndGlobal
